
Microsoft Visual Studio Solution File, Format Version 12.00
# Visual Studio Version 17
VisualStudioVersion = 17.7.34009.444
MinimumVisualStudioVersion = 10.0.40219.1
Project("{9A19103F-16F7-4668-BE54-9A1E7A4F7556}") = "BookingSystem", "BookingSystem\BookingSystem.csproj", "{A49EADC2-AD63-491E-B2D6-642228CB0259}"
EndProject
Project("{FAE04EC0-301F-11D3-BF4B-00C04F79EFBC}") = "BookingSystem.UnitTests", "BookingSystem.UnitTests\BookingSystem.UnitTests.csproj", "{7EF6939F-2A50-4A7D-A12D-0318B971DB94}"
EndProject
Global
	GlobalSection(SolutionConfigurationPlatforms) = preSolution
		Debug|Any CPU = Debug|Any CPU
		Release|Any CPU = Release|Any CPU
	EndGlobalSection
	GlobalSection(ProjectConfigurationPlatforms) = postSolution
		{A49EADC2-AD63-491E-B2D6-642228CB0259}.Debug|Any CPU.ActiveCfg = Debug|Any CPU
		{A49EADC2-AD63-491E-B2D6-642228CB0259}.Debug|Any CPU.Build.0 = Debug|Any CPU
		{A49EADC2-AD63-491E-B2D6-642228CB0259}.Release|Any CPU.ActiveCfg = Release|Any CPU
		{A49EADC2-AD63-491E-B2D6-642228CB0259}.Release|Any CPU.Build.0 = Release|Any CPU
		{7EF6939F-2A50-4A7D-A12D-0318B971DB94}.Debug|Any CPU.ActiveCfg = Debug|Any CPU
		{7EF6939F-2A50-4A7D-A12D-0318B971DB94}.Debug|Any CPU.Build.0 = Debug|Any CPU
		{7EF6939F-2A50-4A7D-A12D-0318B971DB94}.Release|Any CPU.ActiveCfg = Release|Any CPU
		{7EF6939F-2A50-4A7D-A12D-0318B971DB94}.Release|Any CPU.Build.0 = Release|Any CPU
	EndGlobalSection
	GlobalSection(SolutionProperties) = preSolution
		HideSolutionNode = FALSE
	EndGlobalSection
	GlobalSection(ExtensibilityGlobals) = postSolution
		SolutionGuid = {92B16BD3-E4B3-4352-A91E-69E66D03C5D9}
	EndGlobalSection
EndGlobal
